Microsoft Visual Studio Solution File, Format Version 12.00
# Visual Studio 15
VisualStudioVersion = 15.0.28307.572
MinimumVisualStudioVersion = 10.0.40219.1
Project("{9A19103F-16F7-4668-BE54-9A1E7A4F7556}") = "FoodStandardsAgency", "FoodStandardsAgency\FoodStandardsAgency.csproj", "{8FDBD06F-AABF-4FB0-8E12-4AB50D75642D}"
EndProject
Project("{9A19103F-16F7-4668-BE54-9A1E7A4F7556}") = "FoodStandardsAgency.Rating", "FoodStandardAgency.Rating\FoodStandardsAgency.Rating.csproj", "{77B24DC2-791D-48D8-8402-B4F91184411F}"
EndProject
Project("{9A19103F-16F7-4668-BE54-9A1E7A4F7556}") = "FoodStandardsAgency.Tests", "FoodStandardsAgency.Tests\FoodStandardsAgency.Tests.csproj", "{C9412557-0E42-4C50-813D-B9D51B0419EF}"
EndProject
Project("{9A19103F-16F7-4668-BE54-9A1E7A4F7556}") = "ServiceClient", "ServiceClients\ServiceClient.csproj", "{EEAF6473-D78F-4419-BFE3-58AE16FCE605}"
EndProject
Project("{9A19103F-16F7-4668-BE54-9A1E7A4F7556}") = "ServiceClient.Models", "Models\ServiceClient.Models.csproj", "{F162393B-0698-40F5-BFE0-5067F2963F1A}"
EndProject
Project("{9A19103F-16F7-4668-BE54-9A1E7A4F7556}") = "ServiceClient.Contracts", "Contract\ServiceClient.Contracts.csproj", "{C7A52475-274A-4107-B045-8214D5522AC6}"
EndProject
Global
	GlobalSection(SolutionConfigurationPlatforms) = preSolution
		Debug|Any CPU = Debug|Any CPU
		Release|Any CPU = Release|Any CPU
	EndGlobalSection
	GlobalSection(ProjectConfigurationPlatforms) = postSolution
		{8FDBD06F-AABF-4FB0-8E12-4AB50D75642D}.Debug|Any CPU.ActiveCfg = Debug|Any CPU
		{8FDBD06F-AABF-4FB0-8E12-4AB50D75642D}.Debug|Any CPU.Build.0 = Debug|Any CPU
		{8FDBD06F-AABF-4FB0-8E12-4AB50D75642D}.Release|Any CPU.ActiveCfg = Release|Any CPU
		{8FDBD06F-AABF-4FB0-8E12-4AB50D75642D}.Release|Any CPU.Build.0 = Release|Any CPU
		{77B24DC2-791D-48D8-8402-B4F91184411F}.Debug|Any CPU.ActiveCfg = Debug|Any CPU
		{77B24DC2-791D-48D8-8402-B4F91184411F}.Debug|Any CPU.Build.0 = Debug|Any CPU
		{77B24DC2-791D-48D8-8402-B4F91184411F}.Release|Any CPU.ActiveCfg = Release|Any CPU
		{77B24DC2-791D-48D8-8402-B4F91184411F}.Release|Any CPU.Build.0 = Release|Any CPU
		{C9412557-0E42-4C50-813D-B9D51B0419EF}.Debug|Any CPU.ActiveCfg = Debug|Any CPU
		{C9412557-0E42-4C50-813D-B9D51B0419EF}.Debug|Any CPU.Build.0 = Debug|Any CPU
		{C9412557-0E42-4C50-813D-B9D51B0419EF}.Release|Any CPU.ActiveCfg = Release|Any CPU
		{C9412557-0E42-4C50-813D-B9D51B0419EF}.Release|Any CPU.Build.0 = Release|Any CPU
		{EEAF6473-D78F-4419-BFE3-58AE16FCE605}.Debug|Any CPU.ActiveCfg = Debug|Any CPU
		{EEAF6473-D78F-4419-BFE3-58AE16FCE605}.Debug|Any CPU.Build.0 = Debug|Any CPU
		{EEAF6473-D78F-4419-BFE3-58AE16FCE605}.Release|Any CPU.ActiveCfg = Release|Any CPU
		{EEAF6473-D78F-4419-BFE3-58AE16FCE605}.Release|Any CPU.Build.0 = Release|Any CPU
		{F162393B-0698-40F5-BFE0-5067F2963F1A}.Debug|Any CPU.ActiveCfg = Debug|Any CPU
		{F162393B-0698-40F5-BFE0-5067F2963F1A}.Debug|Any CPU.Build.0 = Debug|Any CPU
		{F162393B-0698-40F5-BFE0-5067F2963F1A}.Release|Any CPU.ActiveCfg = Release|Any CPU
		{F162393B-0698-40F5-BFE0-5067F2963F1A}.Release|Any CPU.Build.0 = Release|Any CPU
		{C7A52475-274A-4107-B045-8214D5522AC6}.Debug|Any CPU.ActiveCfg = Debug|Any CPU
		{C7A52475-274A-4107-B045-8214D5522AC6}.Debug|Any CPU.Build.0 = Debug|Any CPU
		{C7A52475-274A-4107-B045-8214D5522AC6}.Release|Any CPU.ActiveCfg = Release|Any CPU
		{C7A52475-274A-4107-B045-8214D5522AC6}.Release|Any CPU.Build.0 = Release|Any CPU
	EndGlobalSection
	GlobalSection(SolutionProperties) = preSolution
		HideSolutionNode = FALSE
	EndGlobalSection
	GlobalSection(ExtensibilityGlobals) = postSolution
		SolutionGuid = {56DFFF52-D5CD-4B8C-9E5F-083821C2F970}
	EndGlobalSection
EndGlobal
